
Microsoft Visual Studio Solution File, Format Version 12.00
# Visual Studio Version 16
VisualStudioVersion = 16.0.31129.286
MinimumVisualStudioVersion = 10.0.40219.1
Project("{FAE04EC0-301F-11D3-BF4B-00C04F79EFBC}") = "ATSM", "ATSM\ATSM.csproj", "{ED2BA950-F8A8-461A-AB23-541D81639262}"
EndProject
Global
	GlobalSection(SolutionConfigurationPlatforms) = preSolution
		Debug|Any CPU = Debug|Any CPU
		Release|Any CPU = Release|Any CPU
	EndGlobalSection
	GlobalSection(ProjectConfigurationPlatforms) = postSolution
		{ED2BA950-F8A8-461A-AB23-541D81639262}.Debug|Any CPU.ActiveCfg = Debug|Any CPU
		{ED2BA950-F8A8-461A-AB23-541D81639262}.Debug|Any CPU.Build.0 = Debug|Any CPU
		{ED2BA950-F8A8-461A-AB23-541D81639262}.Release|Any CPU.ActiveCfg = Release|Any CPU
		{ED2BA950-F8A8-461A-AB23-541D81639262}.Release|Any CPU.Build.0 = Release|Any CPU
	EndGlobalSection
	GlobalSection(SolutionProperties) = preSolution
		HideSolutionNode = FALSE
	EndGlobalSection
	GlobalSection(ExtensibilityGlobals) = postSolution
		SolutionGuid = {FF92D0D7-3A99-4B64-9934-A4C6F944D3EB}
	EndGlobalSection
EndGlobal
